
Microsoft Visual Studio Solution File, Format Version 12.00
# Visual Studio 15
Project("{FAE04EC0-301F-11D3-BF4B-00C04F79EFBC}") = "Assembly-CSharp", "Assembly-CSharp.csproj", "{7A9BFF34-5E52-B74F-7BD8-056E8E59CCCE}"
EndProject
Project("{FAE04EC0-301F-11D3-BF4B-00C04F79EFBC}") = "Assembly-CSharp-Editor", "Assembly-CSharp-Editor.csproj", "{D620A408-99B6-77A6-043C-81C1C1205A8F}"
EndProject
Global
	GlobalSection(SolutionConfigurationPlatforms) = preSolution
		Debug|Any CPU = Debug|Any CPU
		Release|Any CPU = Release|Any CPU
	EndGlobalSection
	GlobalSection(ProjectConfigurationPlatforms) = postSolution
		{7A9BFF34-5E52-B74F-7BD8-056E8E59CCCE}.Debug|Any CPU.ActiveCfg = Debug|Any CPU
		{7A9BFF34-5E52-B74F-7BD8-056E8E59CCCE}.Debug|Any CPU.Build.0 = Debug|Any CPU
		{7A9BFF34-5E52-B74F-7BD8-056E8E59CCCE}.Release|Any CPU.ActiveCfg = Release|Any CPU
		{7A9BFF34-5E52-B74F-7BD8-056E8E59CCCE}.Release|Any CPU.Build.0 = Release|Any CPU
		{D620A408-99B6-77A6-043C-81C1C1205A8F}.Debug|Any CPU.ActiveCfg = Debug|Any CPU
		{D620A408-99B6-77A6-043C-81C1C1205A8F}.Debug|Any CPU.Build.0 = Debug|Any CPU
		{D620A408-99B6-77A6-043C-81C1C1205A8F}.Release|Any CPU.ActiveCfg = Release|Any CPU
		{D620A408-99B6-77A6-043C-81C1C1205A8F}.Release|Any CPU.Build.0 = Release|Any CPU
	EndGlobalSection
	GlobalSection(SolutionProperties) = preSolution
		HideSolutionNode = FALSE
	EndGlobalSection
	GlobalSection(MonoDevelopProperties) = preSolution
		StartupItem = Assembly-CSharp.csproj
	EndGlobalSection
EndGlobal
